
Microsoft Visual Studio Solution File, Format Version 12.00
# Visual Studio Version 16
VisualStudioVersion = 16.0.30611.23
MinimumVisualStudioVersion = 10.0.40219.1
Project("{FAE04EC0-301F-11D3-BF4B-00C04F79EFBC}") = "cacca", "cacca\cacca.csproj", "{245254C3-A56D-4947-8B02-B0E87A3F35EE}"
EndProject
Global
	GlobalSection(SolutionConfigurationPlatforms) = preSolution
		Debug|Any CPU = Debug|Any CPU
		Release|Any CPU = Release|Any CPU
	EndGlobalSection
	GlobalSection(ProjectConfigurationPlatforms) = postSolution
		{245254C3-A56D-4947-8B02-B0E87A3F35EE}.Debug|Any CPU.ActiveCfg = Debug|Any CPU
		{245254C3-A56D-4947-8B02-B0E87A3F35EE}.Debug|Any CPU.Build.0 = Debug|Any CPU
		{245254C3-A56D-4947-8B02-B0E87A3F35EE}.Release|Any CPU.ActiveCfg = Release|Any CPU
		{245254C3-A56D-4947-8B02-B0E87A3F35EE}.Release|Any CPU.Build.0 = Release|Any CPU
	EndGlobalSection
	GlobalSection(SolutionProperties) = preSolution
		HideSolutionNode = FALSE
	EndGlobalSection
	GlobalSection(ExtensibilityGlobals) = postSolution
		SolutionGuid = {9B8894BA-3AC5-4613-889A-70F5F6C8EE28}
	EndGlobalSection
EndGlobal
